{
  "version": 1,
  "dependencies": {
    "net10.0": {
      "Newtonsoft.Json": {
        "type": "Direct",
        "requested": "[13.0.4, )",
        "resolved": "13.0.4",
        "contentHash": "pdgNNMai3zv51W5aq268sujXUyx7SNdE2bj1wZcWjAQrKMFZV260lbqYop1d2GM67JI1huLRwxo9ZqnfF/lC6A=="
      },
      "SonarAnalyzer.CSharp": {
        "type": "Direct",
        "requested": "[10.4.0.108396, )",
        "resolved": "10.4.0.108396",
        "contentHash": "xGcLZ+dvkVuBbd3sjPur9X+1owSL/iDoxVFJLhMx3/vq1fmoKM2fwvrZ8ReAas6l715GJ/dWU2ckwlrRVopmbg=="
      }
    }
  }
}