{
  "version": 1,
  "dependencies": {
    "net10.0": {
      "Microsoft.Extensions.Configuration.Abstractions": {
        "type": "Direct",
        "requested": "[10.0.*, )",
        "resolved": "10.0.11",
        "contentHash": "fVi053xdpda9Em7vSkmgVxO/PtgC2m78ekReKWsgcyskqY0U82Bz/MONwxpGzI0hElYKJfw+fupqMVeKW3fSaA==",
        "dependencies": {
          "Microsoft.Extensions.Primitives": "10.0.11"
        }
      },
      "Newtonsoft.Json": {
        "type": "Direct",
        "requested": "[13.0.4, )",
        "resolved": "13.0.4",
        "contentHash": "pdgNNMai3zv51W5aq268sujXUyx7SNdE2bj1wZcWjAQrKMFZV260lbqYop1d2GM67JI1huLRwxo9ZqnfF/lC6A=="
      },
      "SonarAnalyzer.CSharp": {
        "type": "Direct",
        "requested": "[10.4.0.108396, )",
        "resolved": "10.4.0.108396",
        "contentHash": "xGcLZ+dvkVuBbd3sjPur9X+1owSL/iDoxVFJLhMx3/vq1fmoKM2fwvrZ8ReAas6l715GJ/dWU2ckwlrRVopmbg=="
      },
      "Microsoft.Extensions.Primitives": {
        "type": "Transitive",
        "resolved": "10.0.11",
        "contentHash": "SXcz+kF+4Oo9b1+55zntpJFYfwb1jw66ioxptyNOOTDc8g2FHnBFWjZpsWfCvZIhzr0x+4e2trVTs4OKwQfBtw=="
      },
      "assethub.domain": {
        "type": "Project",
        "dependencies": {
          "Newtonsoft.Json": "[13.0.4, )"
        }
      }
    }
  }
}